// !$*UTF8*$!
{
	archiveVersion = 1;
	classes = {
	};
	objectVersion = 52;
	objects = {

/* Begin PBXBuildFile section */
		17080145245F02C200EC795C /* CourseList.swift in Sources */ = {isa = PBXBuildFile; fileRef = 17080144245F02C200EC795C /* CourseList.swift */; };
		17732CA0245993F600ECC387 /* AppDelegate.swift in Sources */ = {isa = PBXBuildFile; fileRef = 17732C9F245993F600ECC387 /* AppDelegate.swift */; };
		17732CA2245993F600ECC387 /* SceneDelegate.swift in Sources */ = {isa = PBXBuildFile; fileRef = 17732CA1245993F600ECC387 /* SceneDelegate.swift */; };
		17732CA4245993F600ECC387 /* ContentView.swift in Sources */ = {isa = PBXBuildFile; fileRef = 17732CA3245993F600ECC387 /* ContentView.swift */; };
		17732CA6245993FA00ECC387 /* Assets.xcassets in Resources */ = {isa = PBXBuildFile; fileRef = 17732CA5245993FA00ECC387 /* Assets.xcassets */; };
		17732CA9245993FA00ECC387 /* Preview Assets.xcassets in Resources */ = {isa = PBXBuildFile; fileRef = 17732CA8245993FA00ECC387 /* Preview Assets.xcassets */; };
		17732CAC245993FA00ECC387 /* LaunchScreen.storyboard in Resources */ = {isa = PBXBuildFile; fileRef = 17732CAA245993FA00ECC387 /* LaunchScreen.storyboard */; };
		17732CB6245A34D500ECC387 /* MenuView.swift in Sources */ = {isa = PBXBuildFile; fileRef = 17732CB5245A34D500ECC387 /* MenuView.swift */; };
		1780A2B5245DBFF90019FDC7 /* Midifiers.swift in Sources */ = {isa = PBXBuildFile; fileRef = 1780A2B4245DBFF90019FDC7 /* Midifiers.swift */; };
		1780A2CD245DC4BF0019FDC7 /* Jost-BoldItalic.ttf in Resources */ = {isa = PBXBuildFile; fileRef = 1780A2B8245DC4BF0019FDC7 /* Jost-BoldItalic.ttf */; };
		1780A2CE245DC4BF0019FDC7 /* Jost-Bold.ttf in Resources */ = {isa = PBXBuildFile; fileRef = 1780A2B9245DC4BF0019FDC7 /* Jost-Bold.ttf */; };
		1780A2CF245DC4BF0019FDC7 /* Jost-ThinItalic.ttf in Resources */ = {isa = PBXBuildFile; fileRef = 1780A2BA245DC4BF0019FDC7 /* Jost-ThinItalic.ttf */; };
		1780A2D0245DC4BF0019FDC7 /* Jost-ExtraLight.ttf in Resources */ = {isa = PBXBuildFile; fileRef = 1780A2BB245DC4BF0019FDC7 /* Jost-ExtraLight.ttf */; };
		1780A2D1245DC4BF0019FDC7 /* Jost-BlackItalic.ttf in Resources */ = {isa = PBXBuildFile; fileRef = 1780A2BC245DC4BF0019FDC7 /* Jost-BlackItalic.ttf */; };
		1780A2D2245DC4BF0019FDC7 /* Jost-ExtraBoldItalic.ttf in Resources */ = {isa = PBXBuildFile; fileRef = 1780A2BD245DC4BF0019FDC7 /* Jost-ExtraBoldItalic.ttf */; };
		1780A2D3245DC4BF0019FDC7 /* Jost-Thin.ttf in Resources */ = {isa = PBXBuildFile; fileRef = 1780A2BE245DC4BF0019FDC7 /* Jost-Thin.ttf */; };
		1780A2D4245DC4BF0019FDC7 /* Jost-LightItalic.ttf in Resources */ = {isa = PBXBuildFile; fileRef = 1780A2BF245DC4BF0019FDC7 /* Jost-LightItalic.ttf */; };
		1780A2D5245DC4BF0019FDC7 /* Jost-Black.ttf in Resources */ = {isa = PBXBuildFile; fileRef = 1780A2C0245DC4BF0019FDC7 /* Jost-Black.ttf */; };
		1780A2D6245DC4BF0019FDC7 /* Jost-ExtraLightItalic.ttf in Resources */ = {isa = PBXBuildFile; fileRef = 1780A2C1245DC4BF0019FDC7 /* Jost-ExtraLightItalic.ttf */; };
		1780A2D7245DC4BF0019FDC7 /* Jost-Medium.ttf in Resources */ = {isa = PBXBuildFile; fileRef = 1780A2C2245DC4BF0019FDC7 /* Jost-Medium.ttf */; };
		1780A2D8245DC4BF0019FDC7 /* Jost-Regular.ttf in Resources */ = {isa = PBXBuildFile; fileRef = 1780A2C3245DC4BF0019FDC7 /* Jost-Regular.ttf */; };
		1780A2D9245DC4BF0019FDC7 /* Jost-ExtraBold.ttf in Resources */ = {isa = PBXBuildFile; fileRef = 1780A2C4245DC4BF0019FDC7 /* Jost-ExtraBold.ttf */; };
		1780A2DA245DC4BF0019FDC7 /* Jost-Light.ttf in Resources */ = {isa = PBXBuildFile; fileRef = 1780A2C5245DC4BF0019FDC7 /* Jost-Light.ttf */; };
		1780A2DB245DC4BF0019FDC7 /* Jost-Italic.ttf in Resources */ = {isa = PBXBuildFile; fileRef = 1780A2C6245DC4BF0019FDC7 /* Jost-Italic.ttf */; };
		1780A2DC245DC4BF0019FDC7 /* Jost-SemiBoldItalic.ttf in Resources */ = {isa = PBXBuildFile; fileRef = 1780A2C7245DC4BF0019FDC7 /* Jost-SemiBoldItalic.ttf */; };
		1780A2DD245DC4BF0019FDC7 /* Jost-SemiBold.ttf in Resources */ = {isa = PBXBuildFile; fileRef = 1780A2C8245DC4BF0019FDC7 /* Jost-SemiBold.ttf */; };
		1780A2DE245DC4BF0019FDC7 /* Jost-MediumItalic.ttf in Resources */ = {isa = PBXBuildFile; fileRef = 1780A2C9245DC4BF0019FDC7 /* Jost-MediumItalic.ttf */; };
		1780A2DF245DC4BF0019FDC7 /* OFL.txt in Resources */ = {isa = PBXBuildFile; fileRef = 1780A2CA245DC4BF0019FDC7 /* OFL.txt */; };
		1780A2E0245DC4BF0019FDC7 /* Jost-VariableFont_ital,wght.ttf in Resources */ = {isa = PBXBuildFile; fileRef = 1780A2CB245DC4BF0019FDC7 /* Jost-VariableFont_ital,wght.ttf */; };
		1780A2E1245DC4BF0019FDC7 /* README.txt in Resources */ = {isa = PBXBuildFile; fileRef = 1780A2CC245DC4BF0019FDC7 /* README.txt */; };
		17817C20245B922000FFB6FF /* UpdateList.swift in Sources */ = {isa = PBXBuildFile; fileRef = 17817C1F245B922000FFB6FF /* UpdateList.swift */; };
		178D6E4C246769DB004E1BFD /* DataStore.swift in Sources */ = {isa = PBXBuildFile; fileRef = 178D6E4B246769DB004E1BFD /* DataStore.swift */; };
		178D6E4F24676C1F004E1BFD /* Contentful in Frameworks */ = {isa = PBXBuildFile; productRef = 178D6E4E24676C1F004E1BFD /* Contentful */; };
		178D6E5124677132004E1BFD /* CourseStore.swift in Sources */ = {isa = PBXBuildFile; fileRef = 178D6E5024677132004E1BFD /* CourseStore.swift */; };
		17AABDB1245B5101006917BA /* Home.swift in Sources */ = {isa = PBXBuildFile; fileRef = 17AABDB0245B5101006917BA /* Home.swift */; };
		17AABDB3245B518B006917BA /* HomeView.swift in Sources */ = {isa = PBXBuildFile; fileRef = 17AABDB2245B518B006917BA /* HomeView.swift */; };
		17C36679245C6C1F0040C3EF /* UpdateDetails.swift in Sources */ = {isa = PBXBuildFile; fileRef = 17C36678245C6C1F0040C3EF /* UpdateDetails.swift */; };
		17C3667B245C6EF60040C3EF /* UpdateStore.swift in Sources */ = {isa = PBXBuildFile; fileRef = 17C3667A245C6EF60040C3EF /* UpdateStore.swift */; };
		17C3667D245C76100040C3EF /* TabBar.swift in Sources */ = {isa = PBXBuildFile; fileRef = 17C3667C245C76100040C3EF /* TabBar.swift */; };
		17C3667F245CCD380040C3EF /* RingView.swift in Sources */ = {isa = PBXBuildFile; fileRef = 17C3667E245CCD380040C3EF /* RingView.swift */; };
		17DA6158246721E40025DDDD /* CourseDetail.swift in Sources */ = {isa = PBXBuildFile; fileRef = 17DA6157246721E40025DDDD /* CourseDetail.swift */; };
		17DA615C2467281D0025DDDD /* Data.swift in Sources */ = {isa = PBXBuildFile; fileRef = 17DA615B2467281D0025DDDD /* Data.swift */; };
		17DA615E24672A360025DDDD /* PostList.swift in Sources */ = {isa = PBXBuildFile; fileRef = 17DA615D24672A360025DDDD /* PostList.swift */; };
/* End PBXBuildFile section */

/* Begin PBXFileReference section */
		17080144245F02C200EC795C /* CourseList.swift */ = {isa = PBXFileReference; lastKnownFileType = sourcecode.swift; path = CourseList.swift; sourceTree = "<group>"; };
		17732C9F245993F600ECC387 /* AppDelegate.swift */ = {isa = PBXFileReference; lastKnownFileType = sourcecode.swift; path = AppDelegate.swift; sourceTree = "<group>"; };
		17732CA1245993F600ECC387 /* SceneDelegate.swift */ = {isa = PBXFileReference; lastKnownFileType = sourcecode.swift; path = SceneDelegate.swift; sourceTree = "<group>"; };
		17732CA3245993F600ECC387 /* ContentView.swift */ = {isa = PBXFileReference; lastKnownFileType = sourcecode.swift; path = ContentView.swift; sourceTree = "<group>"; };
		17732CA5245993FA00ECC387 /* Assets.xcassets */ = {isa = PBXFileReference; lastKnownFileType = folder.assetcatalog; path = Assets.xcassets; sourceTree = "<group>"; };
		17732CA8245993FA00ECC387 /* Preview Assets.xcassets */ = {isa = PBXFileReference; lastKnownFileType = folder.assetcatalog; path = "Preview Assets.xcassets"; sourceTree = "<group>"; };
		17732CAB245993FA00ECC387 /* Base */ = {isa = PBXFileReference; lastKnownFileType = file.storyboard; name = Base; path = Base.lproj/LaunchScreen.storyboard; sourceTree = "<group>"; };
		17732CAD245993FA00ECC387 /* Info.plist */ = {isa = PBXFileReference; lastKnownFileType = text.plist.xml; path = Info.plist; sourceTree = "<group>"; };
		17732CB5245A34D500ECC387 /* MenuView.swift */ = {isa = PBXFileReference; lastKnownFileType = sourcecode.swift; path = MenuView.swift; sourceTree = "<group>"; };
		1780A2B4245DBFF90019FDC7 /* Midifiers.swift */ = {isa = PBXFileReference; lastKnownFileType = sourcecode.swift; path = Midifiers.swift; sourceTree = "<group>"; };
		1780A2B8245DC4BF0019FDC7 /* Jost-BoldItalic.ttf */ = {isa = PBXFileReference; lastKnownFileType = file; path = "Jost-BoldItalic.ttf"; sourceTree = "<group>"; };
		1780A2B9245DC4BF0019FDC7 /* Jost-Bold.ttf */ = {isa = PBXFileReference; lastKnownFileType = file; path = "Jost-Bold.ttf"; sourceTree = "<group>"; };
		1780A2BA245DC4BF0019FDC7 /* Jost-ThinItalic.ttf */ = {isa = PBXFileReference; lastKnownFileType = file; path = "Jost-ThinItalic.ttf"; sourceTree = "<group>"; };
		1780A2BB245DC4BF0019FDC7 /* Jost-ExtraLight.ttf */ = {isa = PBXFileReference; lastKnownFileType = file; path = "Jost-ExtraLight.ttf"; sourceTree = "<group>"; };
		1780A2BC245DC4BF0019FDC7 /* Jost-BlackItalic.ttf */ = {isa = PBXFileReference; lastKnownFileType = file; path = "Jost-BlackItalic.ttf"; sourceTree = "<group>"; };
		1780A2BD245DC4BF0019FDC7 /* Jost-ExtraBoldItalic.ttf */ = {isa = PBXFileReference; lastKnownFileType = file; path = "Jost-ExtraBoldItalic.ttf"; sourceTree = "<group>"; };
		1780A2BE245DC4BF0019FDC7 /* Jost-Thin.ttf */ = {isa = PBXFileReference; lastKnownFileType = file; path = "Jost-Thin.ttf"; sourceTree = "<group>"; };
		1780A2BF245DC4BF0019FDC7 /* Jost-LightItalic.ttf */ = {isa = PBXFileReference; lastKnownFileType = file; path = "Jost-LightItalic.ttf"; sourceTree = "<group>"; };
		1780A2C0245DC4BF0019FDC7 /* Jost-Black.ttf */ = {isa = PBXFileReference; lastKnownFileType = file; path = "Jost-Black.ttf"; sourceTree = "<group>"; };
		1780A2C1245DC4BF0019FDC7 /* Jost-ExtraLightItalic.ttf */ = {isa = PBXFileReference; lastKnownFileType = file; path = "Jost-ExtraLightItalic.ttf"; sourceTree = "<group>"; };
		1780A2C2245DC4BF0019FDC7 /* Jost-Medium.ttf */ = {isa = PBXFileReference; lastKnownFileType = file; path = "Jost-Medium.ttf"; sourceTree = "<group>"; };
		1780A2C3245DC4BF0019FDC7 /* Jost-Regular.ttf */ = {isa = PBXFileReference; lastKnownFileType = file; path = "Jost-Regular.ttf"; sourceTree = "<group>"; };
		1780A2C4245DC4BF0019FDC7 /* Jost-ExtraBold.ttf */ = {isa = PBXFileReference; lastKnownFileType = file; path = "Jost-ExtraBold.ttf"; sourceTree = "<group>"; };
		1780A2C5245DC4BF0019FDC7 /* Jost-Light.ttf */ = {isa = PBXFileReference; lastKnownFileType = file; path = "Jost-Light.ttf"; sourceTree = "<group>"; };
		1780A2C6245DC4BF0019FDC7 /* Jost-Italic.ttf */ = {isa = PBXFileReference; lastKnownFileType = file; path = "Jost-Italic.ttf"; sourceTree = "<group>"; };
		1780A2C7245DC4BF0019FDC7 /* Jost-SemiBoldItalic.ttf */ = {isa = PBXFileReference; lastKnownFileType = file; path = "Jost-SemiBoldItalic.ttf"; sourceTree = "<group>"; };
		1780A2C8245DC4BF0019FDC7 /* Jost-SemiBold.ttf */ = {isa = PBXFileReference; lastKnownFileType = file; path = "Jost-SemiBold.ttf"; sourceTree = "<group>"; };
		1780A2C9245DC4BF0019FDC7 /* Jost-MediumItalic.ttf */ = {isa = PBXFileReference; lastKnownFileType = file; path = "Jost-MediumItalic.ttf"; sourceTree = "<group>"; };
		1780A2CA245DC4BF0019FDC7 /* OFL.txt */ = {isa = PBXFileReference; fileEncoding = 4; lastKnownFileType = text; path = OFL.txt; sourceTree = "<group>"; };
		1780A2CB245DC4BF0019FDC7 /* Jost-VariableFont_ital,wght.ttf */ = {isa = PBXFileReference; lastKnownFileType = file; path = "Jost-VariableFont_ital,wght.ttf"; sourceTree = "<group>"; };
		1780A2CC245DC4BF0019FDC7 /* README.txt */ = {isa = PBXFileReference; fileEncoding = 4; lastKnownFileType = text; path = README.txt; sourceTree = "<group>"; };
		17817C1F245B922000FFB6FF /* UpdateList.swift */ = {isa = PBXFileReference; lastKnownFileType = sourcecode.swift; path = UpdateList.swift; sourceTree = "<group>"; };
		1785CE36245B01DE00E0EF40 /* FirstUIApp.app */ = {isa = PBXFileReference; explicitFileType = wrapper.application; includeInIndex = 0; path = FirstUIApp.app; sourceTree = BUILT_PRODUCTS_DIR; };
		178D6E4B246769DB004E1BFD /* DataStore.swift */ = {isa = PBXFileReference; lastKnownFileType = sourcecode.swift; path = DataStore.swift; sourceTree = "<group>"; };
		178D6E5024677132004E1BFD /* CourseStore.swift */ = {isa = PBXFileReference; lastKnownFileType = sourcecode.swift; path = CourseStore.swift; sourceTree = "<group>"; };
		17AABDB0245B5101006917BA /* Home.swift */ = {isa = PBXFileReference; lastKnownFileType = sourcecode.swift; path = Home.swift; sourceTree = "<group>"; };
		17AABDB2245B518B006917BA /* HomeView.swift */ = {isa = PBXFileReference; lastKnownFileType = sourcecode.swift; path = HomeView.swift; sourceTree = "<group>"; };
		17C36678245C6C1F0040C3EF /* UpdateDetails.swift */ = {isa = PBXFileReference; lastKnownFileType = sourcecode.swift; path = UpdateDetails.swift; sourceTree = "<group>"; };
		17C3667A245C6EF60040C3EF /* UpdateStore.swift */ = {isa = PBXFileReference; lastKnownFileType = sourcecode.swift; path = UpdateStore.swift; sourceTree = "<group>"; };
		17C3667C245C76100040C3EF /* TabBar.swift */ = {isa = PBXFileReference; lastKnownFileType = sourcecode.swift; path = TabBar.swift; sourceTree = "<group>"; };
		17C3667E245CCD380040C3EF /* RingView.swift */ = {isa = PBXFileReference; lastKnownFileType = sourcecode.swift; path = RingView.swift; sourceTree = "<group>"; };
		17DA6157246721E40025DDDD /* CourseDetail.swift */ = {isa = PBXFileReference; lastKnownFileType = sourcecode.swift; path = CourseDetail.swift; sourceTree = "<group>"; };
		17DA615B2467281D0025DDDD /* Data.swift */ = {isa = PBXFileReference; lastKnownFileType = sourcecode.swift; path = Data.swift; sourceTree = "<group>"; };
		17DA615D24672A360025DDDD /* PostList.swift */ = {isa = PBXFileReference; lastKnownFileType = sourcecode.swift; path = PostList.swift; sourceTree = "<group>"; };
/* End PBXFileReference section */

/* Begin PBXFrameworksBuildPhase section */
		17732C99245993F600ECC387 /* Frameworks */ = {
			isa = PBXFrameworksBuildPhase;
			buildActionMask = 2147483647;
			files = (
				178D6E4F24676C1F004E1BFD /* Contentful in Frameworks */,
			);
			runOnlyForDeploymentPostprocessing = 0;
		};
/* End PBXFrameworksBuildPhase section */

/* Begin PBXGroup section */
		17732C93245993F600ECC387 = {
			isa = PBXGroup;
			children = (
				17732C9E245993F600ECC387 /* FirstUIApp */,
				1785CE36245B01DE00E0EF40 /* FirstUIApp.app */,
			);
			sourceTree = "<group>";
		};
		17732C9E245993F600ECC387 /* FirstUIApp */ = {
			isa = PBXGroup;
			children = (
				17732C9F245993F600ECC387 /* AppDelegate.swift */,
				17732CA1245993F600ECC387 /* SceneDelegate.swift */,
				1780A2B4245DBFF90019FDC7 /* Midifiers.swift */,
				17AABDB0245B5101006917BA /* Home.swift */,
				17AABDB2245B518B006917BA /* HomeView.swift */,
				17732CA3245993F600ECC387 /* ContentView.swift */,
				17C3667E245CCD380040C3EF /* RingView.swift */,
				17732CB5245A34D500ECC387 /* MenuView.swift */,
				17817C1F245B922000FFB6FF /* UpdateList.swift */,
				17C36678245C6C1F0040C3EF /* UpdateDetails.swift */,
				17C3667A245C6EF60040C3EF /* UpdateStore.swift */,
				17080144245F02C200EC795C /* CourseList.swift */,
				17DA6157246721E40025DDDD /* CourseDetail.swift */,
				17C3667C245C76100040C3EF /* TabBar.swift */,
				17DA615B2467281D0025DDDD /* Data.swift */,
				17DA615D24672A360025DDDD /* PostList.swift */,
				178D6E5024677132004E1BFD /* CourseStore.swift */,
				178D6E4B246769DB004E1BFD /* DataStore.swift */,
				17732CA5245993FA00ECC387 /* Assets.xcassets */,
				1780A2B6245DC4BF0019FDC7 /* Jost */,
				17732CAA245993FA00ECC387 /* LaunchScreen.storyboard */,
				17732CAD245993FA00ECC387 /* Info.plist */,
				17732CA7245993FA00ECC387 /* Preview Content */,
			);
			path = FirstUIApp;
			sourceTree = "<group>";
		};
		17732CA7245993FA00ECC387 /* Preview Content */ = {
			isa = PBXGroup;
			children = (
				17732CA8245993FA00ECC387 /* Preview Assets.xcassets */,
			);
			path = "Preview Content";
			sourceTree = "<group>";
		};
		1780A2B6245DC4BF0019FDC7 /* Jost */ = {
			isa = PBXGroup;
			children = (
				1780A2B7245DC4BF0019FDC7 /* static */,
				1780A2CA245DC4BF0019FDC7 /* OFL.txt */,
				1780A2CB245DC4BF0019FDC7 /* Jost-VariableFont_ital,wght.ttf */,
				1780A2CC245DC4BF0019FDC7 /* README.txt */,
			);
			path = Jost;
			sourceTree = "<group>";
		};
		1780A2B7245DC4BF0019FDC7 /* static */ = {
			isa = PBXGroup;
			children = (
				1780A2B8245DC4BF0019FDC7 /* Jost-BoldItalic.ttf */,
				1780A2B9245DC4BF0019FDC7 /* Jost-Bold.ttf */,
				1780A2BA245DC4BF0019FDC7 /* Jost-ThinItalic.ttf */,
				1780A2BB245DC4BF0019FDC7 /* Jost-ExtraLight.ttf */,
				1780A2BC245DC4BF0019FDC7 /* Jost-BlackItalic.ttf */,
				1780A2BD245DC4BF0019FDC7 /* Jost-ExtraBoldItalic.ttf */,
				1780A2BE245DC4BF0019FDC7 /* Jost-Thin.ttf */,
				1780A2BF245DC4BF0019FDC7 /* Jost-LightItalic.ttf */,
				1780A2C0245DC4BF0019FDC7 /* Jost-Black.ttf */,
				1780A2C1245DC4BF0019FDC7 /* Jost-ExtraLightItalic.ttf */,
				1780A2C2245DC4BF0019FDC7 /* Jost-Medium.ttf */,
				1780A2C3245DC4BF0019FDC7 /* Jost-Regular.ttf */,
				1780A2C4245DC4BF0019FDC7 /* Jost-ExtraBold.ttf */,
				1780A2C5245DC4BF0019FDC7 /* Jost-Light.ttf */,
				1780A2C6245DC4BF0019FDC7 /* Jost-Italic.ttf */,
				1780A2C7245DC4BF0019FDC7 /* Jost-SemiBoldItalic.ttf */,
				1780A2C8245DC4BF0019FDC7 /* Jost-SemiBold.ttf */,
				1780A2C9245DC4BF0019FDC7 /* Jost-MediumItalic.ttf */,
			);
			path = static;
			sourceTree = "<group>";
		};
/* End PBXGroup section */

/* Begin PBXNativeTarget section */
		17732C9B245993F600ECC387 /* FirstUIApp */ = {
			isa = PBXNativeTarget;
			buildConfigurationList = 17732CB0245993FA00ECC387 /* Build configuration list for PBXNativeTarget "FirstUIApp" */;
			buildPhases = (
				17732C98245993F600ECC387 /* Sources */,
				17732C99245993F600ECC387 /* Frameworks */,
				17732C9A245993F600ECC387 /* Resources */,
			);
			buildRules = (
			);
			dependencies = (
			);
			name = FirstUIApp;
			packageProductDependencies = (
				178D6E4E24676C1F004E1BFD /* Contentful */,
			);
			productName = FirstUIApp;
			productReference = 1785CE36245B01DE00E0EF40 /* FirstUIApp.app */;
			productType = "com.apple.product-type.application";
		};
/* End PBXNativeTarget section */

/* Begin PBXProject section */
		17732C94245993F600ECC387 /* Project object */ = {
			isa = PBXProject;
			attributes = {
				LastSwiftUpdateCheck = 1140;
				LastUpgradeCheck = 1140;
				ORGANIZATIONNAME = "Safwan Saigh";
				TargetAttributes = {
					17732C9B245993F600ECC387 = {
						CreatedOnToolsVersion = 11.4;
					};
				};
			};
			buildConfigurationList = 17732C97245993F600ECC387 /* Build configuration list for PBXProject "FirstUIApp" */;
			compatibilityVersion = "Xcode 9.3";
			developmentRegion = en;
			hasScannedForEncodings = 0;
			knownRegions = (
				en,
				Base,
			);
			mainGroup = 17732C93245993F600ECC387;
			packageReferences = (
				178D6E4D24676C1F004E1BFD /* XCRemoteSwiftPackageReference "contentful.swift" */,
			);
			productRefGroup = 17732C93245993F600ECC387;
			projectDirPath = "";
			projectRoot = "";
			targets = (
				17732C9B245993F600ECC387 /* FirstUIApp */,
			);
		};
/* End PBXProject section */

/* Begin PBXResourcesBuildPhase section */
		17732C9A245993F600ECC387 /* Resources */ = {
			isa = PBXResourcesBuildPhase;
			buildActionMask = 2147483647;
			files = (
				1780A2D9245DC4BF0019FDC7 /* Jost-ExtraBold.ttf in Resources */,
				1780A2E0245DC4BF0019FDC7 /* Jost-VariableFont_ital,wght.ttf in Resources */,
				1780A2DD245DC4BF0019FDC7 /* Jost-SemiBold.ttf in Resources */,
				1780A2DA245DC4BF0019FDC7 /* Jost-Light.ttf in Resources */,
				1780A2D6245DC4BF0019FDC7 /* Jost-ExtraLightItalic.ttf in Resources */,
				1780A2D2245DC4BF0019FDC7 /* Jost-ExtraBoldItalic.ttf in Resources */,
				1780A2D1245DC4BF0019FDC7 /* Jost-BlackItalic.ttf in Resources */,
				1780A2D0245DC4BF0019FDC7 /* Jost-ExtraLight.ttf in Resources */,
				1780A2D3245DC4BF0019FDC7 /* Jost-Thin.ttf in Resources */,
				1780A2DC245DC4BF0019FDC7 /* Jost-SemiBoldItalic.ttf in Resources */,
				1780A2D5245DC4BF0019FDC7 /* Jost-Black.ttf in Resources */,
				17732CAC245993FA00ECC387 /* LaunchScreen.storyboard in Resources */,
				1780A2CF245DC4BF0019FDC7 /* Jost-ThinItalic.ttf in Resources */,
				1780A2DF245DC4BF0019FDC7 /* OFL.txt in Resources */,
				17732CA9245993FA00ECC387 /* Preview Assets.xcassets in Resources */,
				1780A2D7245DC4BF0019FDC7 /* Jost-Medium.ttf in Resources */,
				1780A2DB245DC4BF0019FDC7 /* Jost-Italic.ttf in Resources */,
				1780A2CE245DC4BF0019FDC7 /* Jost-Bold.ttf in Resources */,
				17732CA6245993FA00ECC387 /* Assets.xcassets in Resources */,
				1780A2CD245DC4BF0019FDC7 /* Jost-BoldItalic.ttf in Resources */,
				1780A2D4245DC4BF0019FDC7 /* Jost-LightItalic.ttf in Resources */,
				1780A2D8245DC4BF0019FDC7 /* Jost-Regular.ttf in Resources */,
				1780A2E1245DC4BF0019FDC7 /* README.txt in Resources */,
				1780A2DE245DC4BF0019FDC7 /* Jost-MediumItalic.ttf in Resources */,
			);
			runOnlyForDeploymentPostprocessing = 0;
		};
/* End PBXResourcesBuildPhase section */

/* Begin PBXSourcesBuildPhase section */
		17732C98245993F600ECC387 /* Sources */ = {
			isa = PBXSourcesBuildPhase;
			buildActionMask = 2147483647;
			files = (
				178D6E5124677132004E1BFD /* CourseStore.swift in Sources */,
				17732CA0245993F600ECC387 /* AppDelegate.swift in Sources */,
				17DA615C2467281D0025DDDD /* Data.swift in Sources */,
				178D6E4C246769DB004E1BFD /* DataStore.swift in Sources */,
				17C3667B245C6EF60040C3EF /* UpdateStore.swift in Sources */,
				1780A2B5245DBFF90019FDC7 /* Midifiers.swift in Sources */,
				17817C20245B922000FFB6FF /* UpdateList.swift in Sources */,
				17732CB6245A34D500ECC387 /* MenuView.swift in Sources */,
				17732CA2245993F600ECC387 /* SceneDelegate.swift in Sources */,
				17C3667F245CCD380040C3EF /* RingView.swift in Sources */,
				17AABDB3245B518B006917BA /* HomeView.swift in Sources */,
				17AABDB1245B5101006917BA /* Home.swift in Sources */,
				17732CA4245993F600ECC387 /* ContentView.swift in Sources */,
				17DA615E24672A360025DDDD /* PostList.swift in Sources */,
				17C36679245C6C1F0040C3EF /* UpdateDetails.swift in Sources */,
				17DA6158246721E40025DDDD /* CourseDetail.swift in Sources */,
				17C3667D245C76100040C3EF /* TabBar.swift in Sources */,
				17080145245F02C200EC795C /* CourseList.swift in Sources */,
			);
			runOnlyForDeploymentPostprocessing = 0;
		};
/* End PBXSourcesBuildPhase section */

/* Begin PBXVariantGroup section */
		17732CAA245993FA00ECC387 /* LaunchScreen.storyboard */ = {
			isa = PBXVariantGroup;
			children = (
				17732CAB245993FA00ECC387 /* Base */,
			);
			name = LaunchScreen.storyboard;
			sourceTree = "<group>";
		};
/* End PBXVariantGroup section */

/* Begin XCBuildConfiguration section */
		17732CAE245993FA00ECC387 /* Debug */ = {
			isa = XCBuildConfiguration;
			buildSettings = {
				ALWAYS_SEARCH_USER_PATHS = NO;
				CLANG_ANALYZER_NONNULL = YES;
				CLANG_ANALYZER_NUMBER_OBJECT_CONVERSION = YES_AGGRESSIVE;
				CLANG_CXX_LANGUAGE_STANDARD = "gnu++14";
				CLANG_CXX_LIBRARY = "libc++";
				CLANG_ENABLE_MODULES = YES;
				CLANG_ENABLE_OBJC_ARC = YES;
				CLANG_ENABLE_OBJC_WEAK = YES;
				CLANG_WARN_BLOCK_CAPTURE_AUTORELEASING = YES;
				CLANG_WARN_BOOL_CONVERSION = YES;
				CLANG_WARN_COMMA = YES;
				CLANG_WARN_CONSTANT_CONVERSION = YES;
				CLANG_WARN_DEPRECATED_OBJC_IMPLEMENTATIONS = YES;
				CLANG_WARN_DIRECT_OBJC_ISA_USAGE = YES_ERROR;
				CLANG_WARN_DOCUMENTATION_COMMENTS = YES;
				CLANG_WARN_EMPTY_BODY = YES;
				CLANG_WARN_ENUM_CONVERSION = YES;
				CLANG_WARN_INFINITE_RECURSION = YES;
				CLANG_WARN_INT_CONVERSION = YES;
				CLANG_WARN_NON_LITERAL_NULL_CONVERSION = YES;
				CLANG_WARN_OBJC_IMPLICIT_RETAIN_SELF = YES;
				CLANG_WARN_OBJC_LITERAL_CONVERSION = YES;
				CLANG_WARN_OBJC_ROOT_CLASS = YES_ERROR;
				CLANG_WARN_RANGE_LOOP_ANALYSIS = YES;
				CLANG_WARN_STRICT_PROTOTYPES = YES;
				CLANG_WARN_SUSPICIOUS_MOVE = YES;
				CLANG_WARN_UNGUARDED_AVAILABILITY = YES_AGGRESSIVE;
				CLANG_WARN_UNREACHABLE_CODE = YES;
				CLANG_WARN__DUPLICATE_METHOD_MATCH = YES;
				COPY_PHASE_STRIP = NO;
				DEBUG_INFORMATION_FORMAT = dwarf;
				ENABLE_STRICT_OBJC_MSGSEND = YES;
				ENABLE_TESTABILITY = YES;
				GCC_C_LANGUAGE_STANDARD = gnu11;
				GCC_DYNAMIC_NO_PIC = NO;
				GCC_NO_COMMON_BLOCKS = YES;
				GCC_OPTIMIZATION_LEVEL = 0;
				GCC_PREPROCESSOR_DEFINITIONS = (
					"DEBUG=1",
					"$(inherited)",
				);
				GCC_WARN_64_TO_32_BIT_CONVERSION = YES;
				GCC_WARN_ABOUT_RETURN_TYPE = YES_ERROR;
				GCC_WARN_UNDECLARED_SELECTOR = YES;
				GCC_WARN_UNINITIALIZED_AUTOS = YES_AGGRESSIVE;
				GCC_WARN_UNUSED_FUNCTION = YES;
				GCC_WARN_UNUSED_VARIABLE = YES;
				IPHONEOS_DEPLOYMENT_TARGET = 13.4;
				MTL_ENABLE_DEBUG_INFO = INCLUDE_SOURCE;
				MTL_FAST_MATH = YES;
				ONLY_ACTIVE_ARCH = YES;
				SDKROOT = iphoneos;
				SWIFT_ACTIVE_COMPILATION_CONDITIONS = DEBUG;
				SWIFT_OPTIMIZATION_LEVEL = "-Onone";
			};
			name = Debug;
		};
		17732CAF245993FA00ECC387 /* Release */ = {
			isa = XCBuildConfiguration;
			buildSettings = {
				ALWAYS_SEARCH_USER_PATHS = NO;
				CLANG_ANALYZER_NONNULL = YES;
				CLANG_ANALYZER_NUMBER_OBJECT_CONVERSION = YES_AGGRESSIVE;
				CLANG_CXX_LANGUAGE_STANDARD = "gnu++14";
				CLANG_CXX_LIBRARY = "libc++";
				CLANG_ENABLE_MODULES = YES;
				CLANG_ENABLE_OBJC_ARC = YES;
				CLANG_ENABLE_OBJC_WEAK = YES;
				CLANG_WARN_BLOCK_CAPTURE_AUTORELEASING = YES;
				CLANG_WARN_BOOL_CONVERSION = YES;
				CLANG_WARN_COMMA = YES;
				CLANG_WARN_CONSTANT_CONVERSION = YES;
				CLANG_WARN_DEPRECATED_OBJC_IMPLEMENTATIONS = YES;
				CLANG_WARN_DIRECT_OBJC_ISA_USAGE = YES_ERROR;
				CLANG_WARN_DOCUMENTATION_COMMENTS = YES;
				CLANG_WARN_EMPTY_BODY = YES;
				CLANG_WARN_ENUM_CONVERSION = YES;
				CLANG_WARN_INFINITE_RECURSION = YES;
				CLANG_WARN_INT_CONVERSION = YES;
				CLANG_WARN_NON_LITERAL_NULL_CONVERSION = YES;
				CLANG_WARN_OBJC_IMPLICIT_RETAIN_SELF = YES;
				CLANG_WARN_OBJC_LITERAL_CONVERSION = YES;
				CLANG_WARN_OBJC_ROOT_CLASS = YES_ERROR;
				CLANG_WARN_RANGE_LOOP_ANALYSIS = YES;
				CLANG_WARN_STRICT_PROTOTYPES = YES;
				CLANG_WARN_SUSPICIOUS_MOVE = YES;
				CLANG_WARN_UNGUARDED_AVAILABILITY = YES_AGGRESSIVE;
				CLANG_WARN_UNREACHABLE_CODE = YES;
				CLANG_WARN__DUPLICATE_METHOD_MATCH = YES;
				COPY_PHASE_STRIP = NO;
				DEBUG_INFORMATION_FORMAT = "dwarf-with-dsym";
				ENABLE_NS_ASSERTIONS = NO;
				ENABLE_STRICT_OBJC_MSGSEND = YES;
				GCC_C_LANGUAGE_STANDARD = gnu11;
				GCC_NO_COMMON_BLOCKS = YES;
				GCC_WARN_64_TO_32_BIT_CONVERSION = YES;
				GCC_WARN_ABOUT_RETURN_TYPE = YES_ERROR;
				GCC_WARN_UNDECLARED_SELECTOR = YES;
				GCC_WARN_UNINITIALIZED_AUTOS = YES_AGGRESSIVE;
				GCC_WARN_UNUSED_FUNCTION = YES;
				GCC_WARN_UNUSED_VARIABLE = YES;
				IPHONEOS_DEPLOYMENT_TARGET = 13.4;
				MTL_ENABLE_DEBUG_INFO = NO;
				MTL_FAST_MATH = YES;
				SDKROOT = iphoneos;
				SWIFT_COMPILATION_MODE = wholemodule;
				SWIFT_OPTIMIZATION_LEVEL = "-O";
				VALIDATE_PRODUCT = YES;
			};
			name = Release;
		};
		17732CB1245993FA00ECC387 /* Debug */ = {
			isa = XCBuildConfiguration;
			buildSettings = {
				ASSETCATALOG_COMPILER_APPICON_NAME = AppIcon;
				CODE_SIGN_STYLE = Automatic;
				DEVELOPMENT_ASSET_PATHS = "\"FirstUIApp/Preview Content\"";
				DEVELOPMENT_TEAM = HLS72XKTNJ;
				ENABLE_PREVIEWS = YES;
				INFOPLIST_FILE = FirstUIApp/Info.plist;
				LD_RUNPATH_SEARCH_PATHS = (
					"$(inherited)",
					"@executable_path/Frameworks",
				);
				PRODUCT_BUNDLE_IDENTIFIER = com.safwan.FirstUIApp;
				PRODUCT_NAME = "$(TARGET_NAME)";
				SWIFT_VERSION = 5.0;
				TARGETED_DEVICE_FAMILY = "1,2";
			};
			name = Debug;
		};
		17732CB2245993FA00ECC387 /* Release */ = {
			isa = XCBuildConfiguration;
			buildSettings = {
				ASSETCATALOG_COMPILER_APPICON_NAME = AppIcon;
				CODE_SIGN_STYLE = Automatic;
				DEVELOPMENT_ASSET_PATHS = "\"FirstUIApp/Preview Content\"";
				DEVELOPMENT_TEAM = HLS72XKTNJ;
				ENABLE_PREVIEWS = YES;
				INFOPLIST_FILE = FirstUIApp/Info.plist;
				LD_RUNPATH_SEARCH_PATHS = (
					"$(inherited)",
					"@executable_path/Frameworks",
				);
				PRODUCT_BUNDLE_IDENTIFIER = com.safwan.FirstUIApp;
				PRODUCT_NAME = "$(TARGET_NAME)";
				SWIFT_VERSION = 5.0;
				TARGETED_DEVICE_FAMILY = "1,2";
			};
			name = Release;
		};
/* End XCBuildConfiguration section */

/* Begin XCConfigurationList section */
		17732C97245993F600ECC387 /* Build configuration list for PBXProject "FirstUIApp" */ = {
			isa = XCConfigurationList;
			buildConfigurations = (
				17732CAE245993FA00ECC387 /* Debug */,
				17732CAF245993FA00ECC387 /* Release */,
			);
			defaultConfigurationIsVisible = 0;
			defaultConfigurationName = Release;
		};
		17732CB0245993FA00ECC387 /* Build configuration list for PBXNativeTarget "FirstUIApp" */ = {
			isa = XCConfigurationList;
			buildConfigurations = (
				17732CB1245993FA00ECC387 /* Debug */,
				17732CB2245993FA00ECC387 /* Release */,
			);
			defaultConfigurationIsVisible = 0;
			defaultConfigurationName = Release;
		};
/* End XCConfigurationList section */

/* Begin XCRemoteSwiftPackageReference section */
		178D6E4D24676C1F004E1BFD /* XCRemoteSwiftPackageReference "contentful.swift" */ = {
			isa = XCRemoteSwiftPackageReference;
			repositoryURL = "https://github.com/contentful/contentful.swift.git";
			requirement = {
				kind = upToNextMajorVersion;
				minimumVersion = 5.0.11;
			};
		};
/* End XCRemoteSwiftPackageReference section */

/* Begin XCSwiftPackageProductDependency section */
		178D6E4E24676C1F004E1BFD /* Contentful */ = {
			isa = XCSwiftPackageProductDependency;
			package = 178D6E4D24676C1F004E1BFD /* XCRemoteSwiftPackageReference "contentful.swift" */;
			productName = Contentful;
		};
/* End XCSwiftPackageProductDependency section */
	};
	rootObject = 17732C94245993F600ECC387 /* Project object */;
}
